
Microsoft Visual Studio Solution File, Format Version 12.00
# Visual Studio Version 16
VisualStudioVersion = 16.0.31613.86
MinimumVisualStudioVersion = 10.0.40219.1
Project("{9A19103F-16F7-4668-BE54-9A1E7A4F7556}") = "GuessingGame", "src\main\GuessingGame.csproj", "{58BCA362-C178-4232-A2FB-9D03E438E278}"
EndProject
Project("{FAE04EC0-301F-11D3-BF4B-00C04F79EFBC}") = "test", "src\test\test.csproj", "{500B2566-96E6-4644-9F19-370C9F08B492}"
EndProject
Global
	GlobalSection(SolutionConfigurationPlatforms) = preSolution
		Debug|Any CPU = Debug|Any CPU
		Release|Any CPU = Release|Any CPU
	EndGlobalSection
	GlobalSection(ProjectConfigurationPlatforms) = postSolution
		{58BCA362-C178-4232-A2FB-9D03E438E278}.Debug|Any CPU.ActiveCfg = Debug|Any CPU
		{58BCA362-C178-4232-A2FB-9D03E438E278}.Debug|Any CPU.Build.0 = Debug|Any CPU
		{58BCA362-C178-4232-A2FB-9D03E438E278}.Release|Any CPU.ActiveCfg = Release|Any CPU
		{58BCA362-C178-4232-A2FB-9D03E438E278}.Release|Any CPU.Build.0 = Release|Any CPU
		{500B2566-96E6-4644-9F19-370C9F08B492}.Debug|Any CPU.ActiveCfg = Debug|Any CPU
		{500B2566-96E6-4644-9F19-370C9F08B492}.Debug|Any CPU.Build.0 = Debug|Any CPU
		{500B2566-96E6-4644-9F19-370C9F08B492}.Release|Any CPU.ActiveCfg = Release|Any CPU
		{500B2566-96E6-4644-9F19-370C9F08B492}.Release|Any CPU.Build.0 = Release|Any CPU
	EndGlobalSection
	GlobalSection(SolutionProperties) = preSolution
		HideSolutionNode = FALSE
	EndGlobalSection
	GlobalSection(ExtensibilityGlobals) = postSolution
		SolutionGuid = {34ADADC3-0687-419A-A326-75AE7C3A93C9}
	EndGlobalSection
EndGlobal
